
Microsoft Visual Studio Solution File, Format Version 12.00
# Visual Studio Version 16
VisualStudioVersion = 16.0.31205.134
MinimumVisualStudioVersion = 10.0.40219.1
Project("{FAE04EC0-301F-11D3-BF4B-00C04F79EFBC}") = "Backend", "Backend\Backend.csproj", "{184C8C2B-059E-42DA-BC78-96A50E3689DF}"
EndProject
Global
	GlobalSection(SolutionConfigurationPlatforms) = preSolution
		Debug|Any CPU = Debug|Any CPU
		Release|Any CPU = Release|Any CPU
	EndGlobalSection
	GlobalSection(ProjectConfigurationPlatforms) = postSolution
		{184C8C2B-059E-42DA-BC78-96A50E3689DF}.Debug|Any CPU.ActiveCfg = Debug|Any CPU
		{184C8C2B-059E-42DA-BC78-96A50E3689DF}.Debug|Any CPU.Build.0 = Debug|Any CPU
		{184C8C2B-059E-42DA-BC78-96A50E3689DF}.Release|Any CPU.ActiveCfg = Release|Any CPU
		{184C8C2B-059E-42DA-BC78-96A50E3689DF}.Release|Any CPU.Build.0 = Release|Any CPU
	EndGlobalSection
	GlobalSection(SolutionProperties) = preSolution
		HideSolutionNode = FALSE
	EndGlobalSection
	GlobalSection(ExtensibilityGlobals) = postSolution
		SolutionGuid = {DEFC6FE1-B1D6-485B-9986-77F108162872}
	EndGlobalSection
EndGlobal
